// !$*UTF8*$!
{
	archiveVersion = 1;
	classes = {
	};
	objectVersion = 50;
	objects = {

/* Begin PBXBuildFile section */
		88B4D5CC2666A28500F0D6AC /* AppDelegate.swift in Sources */ = {isa = PBXBuildFile; fileRef = 88B4D5CB2666A28500F0D6AC /* AppDelegate.swift */; };
		88B4D5CE2666A28500F0D6AC /* SceneDelegate.swift in Sources */ = {isa = PBXBuildFile; fileRef = 88B4D5CD2666A28500F0D6AC /* SceneDelegate.swift */; };
		88B4D5D02666A28500F0D6AC /* ViewController.swift in Sources */ = {isa = PBXBuildFile; fileRef = 88B4D5CF2666A28500F0D6AC /* ViewController.swift */; };
		88B4D5D32666A28500F0D6AC /* Main.storyboard in Resources */ = {isa = PBXBuildFile; fileRef = 88B4D5D12666A28500F0D6AC /* Main.storyboard */; };
		88B4D5D52666A28700F0D6AC /* Assets.xcassets in Resources */ = {isa = PBXBuildFile; fileRef = 88B4D5D42666A28700F0D6AC /* Assets.xcassets */; };
		88B4D5D82666A28700F0D6AC /* LaunchScreen.storyboard in Resources */ = {isa = PBXBuildFile; fileRef = 88B4D5D62666A28700F0D6AC /* LaunchScreen.storyboard */; };
/* End PBXBuildFile section */

/* Begin PBXFileReference section */
		88B4D5C82666A28500F0D6AC /* kennyyakala.app */ = {isa = PBXFileReference; explicitFileType = wrapper.application; includeInIndex = 0; path = kennyyakala.app; sourceTree = BUILT_PRODUCTS_DIR; };
		88B4D5CB2666A28500F0D6AC /* AppDelegate.swift */ = {isa = PBXFileReference; lastKnownFileType = sourcecode.swift; path = AppDelegate.swift; sourceTree = "<group>"; };
		88B4D5CD2666A28500F0D6AC /* SceneDelegate.swift */ = {isa = PBXFileReference; lastKnownFileType = sourcecode.swift; path = SceneDelegate.swift; sourceTree = "<group>"; };
		88B4D5CF2666A28500F0D6AC /* ViewController.swift */ = {isa = PBXFileReference; lastKnownFileType = sourcecode.swift; path = ViewController.swift; sourceTree = "<group>"; };
		88B4D5D22666A28500F0D6AC /* Base */ = {isa = PBXFileReference; lastKnownFileType = file.storyboard; name = Base; path = Base.lproj/Main.storyboard; sourceTree = "<group>"; };
		88B4D5D42666A28700F0D6AC /* Assets.xcassets */ = {isa = PBXFileReference; lastKnownFileType = folder.assetcatalog; path = Assets.xcassets; sourceTree = "<group>"; };
		88B4D5D72666A28700F0D6AC /* Base */ = {isa = PBXFileReference; lastKnownFileType = file.storyboard; name = Base; path = Base.lproj/LaunchScreen.storyboard; sourceTree = "<group>"; };
		88B4D5D92666A28700F0D6AC /* Info.plist */ = {isa = PBXFileReference; lastKnownFileType = text.plist.xml; path = Info.plist; sourceTree = "<group>"; };
/* End PBXFileReference section */

/* Begin PBXFrameworksBuildPhase section */
		88B4D5C52666A28500F0D6AC /* Frameworks */ = {
			isa = PBXFrameworksBuildPhase;
			buildActionMask = 2147483647;
			files = (
			);
			runOnlyForDeploymentPostprocessing = 0;
		};
/* End PBXFrameworksBuildPhase section */

/* Begin PBXGroup section */
		88B4D5BF2666A28500F0D6AC = {
			isa = PBXGroup;
			children = (
				88B4D5CA2666A28500F0D6AC /* kennyyakala */,
				88B4D5C92666A28500F0D6AC /* Products */,
			);
			sourceTree = "<group>";
		};
		88B4D5C92666A28500F0D6AC /* Products */ = {
			isa = PBXGroup;
			children = (
				88B4D5C82666A28500F0D6AC /* kennyyakala.app */,
			);
			name = Products;
			sourceTree = "<group>";
		};
		88B4D5CA2666A28500F0D6AC /* kennyyakala */ = {
			isa = PBXGroup;
			children = (
				88B4D5CB2666A28500F0D6AC /* AppDelegate.swift */,
				88B4D5CD2666A28500F0D6AC /* SceneDelegate.swift */,
				88B4D5CF2666A28500F0D6AC /* ViewController.swift */,
				88B4D5D12666A28500F0D6AC /* Main.storyboard */,
				88B4D5D42666A28700F0D6AC /* Assets.xcassets */,
				88B4D5D62666A28700F0D6AC /* LaunchScreen.storyboard */,
				88B4D5D92666A28700F0D6AC /* Info.plist */,
			);
			path = kennyyakala;
			sourceTree = "<group>";
		};
/* End PBXGroup section */

/* Begin PBXNativeTarget section */
		88B4D5C72666A28500F0D6AC /* kennyyakala */ = {
			isa = PBXNativeTarget;
			buildConfigurationList = 88B4D5DC2666A28700F0D6AC /* Build configuration list for PBXNativeTarget "kennyyakala" */;
			buildPhases = (
				88B4D5C42666A28500F0D6AC /* Sources */,
				88B4D5C52666A28500F0D6AC /* Frameworks */,
				88B4D5C62666A28500F0D6AC /* Resources */,
			);
			buildRules = (
			);
			dependencies = (
			);
			name = kennyyakala;
			productName = kennyyakala;
			productReference = 88B4D5C82666A28500F0D6AC /* kennyyakala.app */;
			productType = "com.apple.product-type.application";
		};
/* End PBXNativeTarget section */

/* Begin PBXProject section */
		88B4D5C02666A28500F0D6AC /* Project object */ = {
			isa = PBXProject;
			attributes = {
				LastSwiftUpdateCheck = 1250;
				LastUpgradeCheck = 1250;
				TargetAttributes = {
					88B4D5C72666A28500F0D6AC = {
						CreatedOnToolsVersion = 12.5;
					};
				};
			};
			buildConfigurationList = 88B4D5C32666A28500F0D6AC /* Build configuration list for PBXProject "kennyyakala" */;
			compatibilityVersion = "Xcode 9.3";
			developmentRegion = en;
			hasScannedForEncodings = 0;
			knownRegions = (
				en,
				Base,
			);
			mainGroup = 88B4D5BF2666A28500F0D6AC;
			productRefGroup = 88B4D5C92666A28500F0D6AC /* Products */;
			projectDirPath = "";
			projectRoot = "";
			targets = (
				88B4D5C72666A28500F0D6AC /* kennyyakala */,
			);
		};
/* End PBXProject section */

/* Begin PBXResourcesBuildPhase section */
		88B4D5C62666A28500F0D6AC /* Resources */ = {
			isa = PBXResourcesBuildPhase;
			buildActionMask = 2147483647;
			files = (
				88B4D5D82666A28700F0D6AC /* LaunchScreen.storyboard in Resources */,
				88B4D5D52666A28700F0D6AC /* Assets.xcassets in Resources */,
				88B4D5D32666A28500F0D6AC /* Main.storyboard in Resources */,
			);
			runOnlyForDeploymentPostprocessing = 0;
		};
/* End PBXResourcesBuildPhase section */

/* Begin PBXSourcesBuildPhase section */
		88B4D5C42666A28500F0D6AC /* Sources */ = {
			isa = PBXSourcesBuildPhase;
			buildActionMask = 2147483647;
			files = (
				88B4D5D02666A28500F0D6AC /* ViewController.swift in Sources */,
				88B4D5CC2666A28500F0D6AC /* AppDelegate.swift in Sources */,
				88B4D5CE2666A28500F0D6AC /* SceneDelegate.swift in Sources */,
			);
			runOnlyForDeploymentPostprocessing = 0;
		};
/* End PBXSourcesBuildPhase section */

/* Begin PBXVariantGroup section */
		88B4D5D12666A28500F0D6AC /* Main.storyboard */ = {
			isa = PBXVariantGroup;
			children = (
				88B4D5D22666A28500F0D6AC /* Base */,
			);
			name = Main.storyboard;
			sourceTree = "<group>";
		};
		88B4D5D62666A28700F0D6AC /* LaunchScreen.storyboard */ = {
			isa = PBXVariantGroup;
			children = (
				88B4D5D72666A28700F0D6AC /* Base */,
			);
			name = LaunchScreen.storyboard;
			sourceTree = "<group>";
		};
/* End PBXVariantGroup section */

/* Begin XCBuildConfiguration section */
		88B4D5DA2666A28700F0D6AC /* Debug */ = {
			isa = XCBuildConfiguration;
			buildSettings = {
				ALWAYS_SEARCH_USER_PATHS = NO;
				CLANG_ANALYZER_NONNULL = YES;
				CLANG_ANALYZER_NUMBER_OBJECT_CONVERSION = YES_AGGRESSIVE;
				CLANG_CXX_LANGUAGE_STANDARD = "gnu++14";
				CLANG_CXX_LIBRARY = "libc++";
				CLANG_ENABLE_MODULES = YES;
				CLANG_ENABLE_OBJC_ARC = YES;
				CLANG_ENABLE_OBJC_WEAK = YES;
				CLANG_WARN_BLOCK_CAPTURE_AUTORELEASING = YES;
				CLANG_WARN_BOOL_CONVERSION = YES;
				CLANG_WARN_COMMA = YES;
				CLANG_WARN_CONSTANT_CONVERSION = YES;
				CLANG_WARN_DEPRECATED_OBJC_IMPLEMENTATIONS = YES;
				CLANG_WARN_DIRECT_OBJC_ISA_USAGE = YES_ERROR;
				CLANG_WARN_DOCUMENTATION_COMMENTS = YES;
				CLANG_WARN_EMPTY_BODY = YES;
				CLANG_WARN_ENUM_CONVERSION = YES;
				CLANG_WARN_INFINITE_RECURSION = YES;
				CLANG_WARN_INT_CONVERSION = YES;
				CLANG_WARN_NON_LITERAL_NULL_CONVERSION = YES;
				CLANG_WARN_OBJC_IMPLICIT_RETAIN_SELF = YES;
				CLANG_WARN_OBJC_LITERAL_CONVERSION = YES;
				CLANG_WARN_OBJC_ROOT_CLASS = YES_ERROR;
				CLANG_WARN_QUOTED_INCLUDE_IN_FRAMEWORK_HEADER = YES;
				CLANG_WARN_RANGE_LOOP_ANALYSIS = YES;
				CLANG_WARN_STRICT_PROTOTYPES = YES;
				CLANG_WARN_SUSPICIOUS_MOVE = YES;
				CLANG_WARN_UNGUARDED_AVAILABILITY = YES_AGGRESSIVE;
				CLANG_WARN_UNREACHABLE_CODE = YES;
				CLANG_WARN__DUPLICATE_METHOD_MATCH = YES;
				COPY_PHASE_STRIP = NO;
				DEBUG_INFORMATION_FORMAT = dwarf;
				ENABLE_STRICT_OBJC_MSGSEND = YES;
				ENABLE_TESTABILITY = YES;
				GCC_C_LANGUAGE_STANDARD = gnu11;
				GCC_DYNAMIC_NO_PIC = NO;
				GCC_NO_COMMON_BLOCKS = YES;
				GCC_OPTIMIZATION_LEVEL = 0;
				GCC_PREPROCESSOR_DEFINITIONS = (
					"DEBUG=1",
					"$(inherited)",
				);
				GCC_WARN_64_TO_32_BIT_CONVERSION = YES;
				GCC_WARN_ABOUT_RETURN_TYPE = YES_ERROR;
				GCC_WARN_UNDECLARED_SELECTOR = YES;
				GCC_WARN_UNINITIALIZED_AUTOS = YES_AGGRESSIVE;
				GCC_WARN_UNUSED_FUNCTION = YES;
				GCC_WARN_UNUSED_VARIABLE = YES;
				IPHONEOS_DEPLOYMENT_TARGET = 14.5;
				MTL_ENABLE_DEBUG_INFO = INCLUDE_SOURCE;
				MTL_FAST_MATH = YES;
				ONLY_ACTIVE_ARCH = YES;
				SDKROOT = iphoneos;
				SWIFT_ACTIVE_COMPILATION_CONDITIONS = DEBUG;
				SWIFT_OPTIMIZATION_LEVEL = "-Onone";
			};
			name = Debug;
		};
		88B4D5DB2666A28700F0D6AC /* Release */ = {
			isa = XCBuildConfiguration;
			buildSettings = {
				ALWAYS_SEARCH_USER_PATHS = NO;
				CLANG_ANALYZER_NONNULL = YES;
				CLANG_ANALYZER_NUMBER_OBJECT_CONVERSION = YES_AGGRESSIVE;
				CLANG_CXX_LANGUAGE_STANDARD = "gnu++14";
				CLANG_CXX_LIBRARY = "libc++";
				CLANG_ENABLE_MODULES = YES;
				CLANG_ENABLE_OBJC_ARC = YES;
				CLANG_ENABLE_OBJC_WEAK = YES;
				CLANG_WARN_BLOCK_CAPTURE_AUTORELEASING = YES;
				CLANG_WARN_BOOL_CONVERSION = YES;
				CLANG_WARN_COMMA = YES;
				CLANG_WARN_CONSTANT_CONVERSION = YES;
				CLANG_WARN_DEPRECATED_OBJC_IMPLEMENTATIONS = YES;
				CLANG_WARN_DIRECT_OBJC_ISA_USAGE = YES_ERROR;
				CLANG_WARN_DOCUMENTATION_COMMENTS = YES;
				CLANG_WARN_EMPTY_BODY = YES;
				CLANG_WARN_ENUM_CONVERSION = YES;
				CLANG_WARN_INFINITE_RECURSION = YES;
				CLANG_WARN_INT_CONVERSION = YES;
				CLANG_WARN_NON_LITERAL_NULL_CONVERSION = YES;
				CLANG_WARN_OBJC_IMPLICIT_RETAIN_SELF = YES;
				CLANG_WARN_OBJC_LITERAL_CONVERSION = YES;
				CLANG_WARN_OBJC_ROOT_CLASS = YES_ERROR;
				CLANG_WARN_QUOTED_INCLUDE_IN_FRAMEWORK_HEADER = YES;
				CLANG_WARN_RANGE_LOOP_ANALYSIS = YES;
				CLANG_WARN_STRICT_PROTOTYPES = YES;
				CLANG_WARN_SUSPICIOUS_MOVE = YES;
				CLANG_WARN_UNGUARDED_AVAILABILITY = YES_AGGRESSIVE;
				CLANG_WARN_UNREACHABLE_CODE = YES;
				CLANG_WARN__DUPLICATE_METHOD_MATCH = YES;
				COPY_PHASE_STRIP = NO;
				DEBUG_INFORMATION_FORMAT = "dwarf-with-dsym";
				ENABLE_NS_ASSERTIONS = NO;
				ENABLE_STRICT_OBJC_MSGSEND = YES;
				GCC_C_LANGUAGE_STANDARD = gnu11;
				GCC_NO_COMMON_BLOCKS = YES;
				GCC_WARN_64_TO_32_BIT_CONVERSION = YES;
				GCC_WARN_ABOUT_RETURN_TYPE = YES_ERROR;
				GCC_WARN_UNDECLARED_SELECTOR = YES;
				GCC_WARN_UNINITIALIZED_AUTOS = YES_AGGRESSIVE;
				GCC_WARN_UNUSED_FUNCTION = YES;
				GCC_WARN_UNUSED_VARIABLE = YES;
				IPHONEOS_DEPLOYMENT_TARGET = 14.5;
				MTL_ENABLE_DEBUG_INFO = NO;
				MTL_FAST_MATH = YES;
				SDKROOT = iphoneos;
				SWIFT_COMPILATION_MODE = wholemodule;
				SWIFT_OPTIMIZATION_LEVEL = "-O";
				VALIDATE_PRODUCT = YES;
			};
			name = Release;
		};
		88B4D5DD2666A28700F0D6AC /* Debug */ = {
			isa = XCBuildConfiguration;
			buildSettings = {
				ASSETCATALOG_COMPILER_APPICON_NAME = AppIcon;
				ASSETCATALOG_COMPILER_GLOBAL_ACCENT_COLOR_NAME = AccentColor;
				CODE_SIGN_STYLE = Automatic;
				INFOPLIST_FILE = kennyyakala/Info.plist;
				LD_RUNPATH_SEARCH_PATHS = (
					"$(inherited)",
					"@executable_path/Frameworks",
				);
				PRODUCT_BUNDLE_IDENTIFIER = com.muhammettahabilecen.kennyyakala;
				PRODUCT_NAME = "$(TARGET_NAME)";
				SWIFT_VERSION = 5.0;
				TARGETED_DEVICE_FAMILY = "1,2";
			};
			name = Debug;
		};
		88B4D5DE2666A28700F0D6AC /* Release */ = {
			isa = XCBuildConfiguration;
			buildSettings = {
				ASSETCATALOG_COMPILER_APPICON_NAME = AppIcon;
				ASSETCATALOG_COMPILER_GLOBAL_ACCENT_COLOR_NAME = AccentColor;
				CODE_SIGN_STYLE = Automatic;
				INFOPLIST_FILE = kennyyakala/Info.plist;
				LD_RUNPATH_SEARCH_PATHS = (
					"$(inherited)",
					"@executable_path/Frameworks",
				);
				PRODUCT_BUNDLE_IDENTIFIER = com.muhammettahabilecen.kennyyakala;
				PRODUCT_NAME = "$(TARGET_NAME)";
				SWIFT_VERSION = 5.0;
				TARGETED_DEVICE_FAMILY = "1,2";
			};
			name = Release;
		};
/* End XCBuildConfiguration section */

/* Begin XCConfigurationList section */
		88B4D5C32666A28500F0D6AC /* Build configuration list for PBXProject "kennyyakala" */ = {
			isa = XCConfigurationList;
			buildConfigurations = (
				88B4D5DA2666A28700F0D6AC /* Debug */,
				88B4D5DB2666A28700F0D6AC /* Release */,
			);
			defaultConfigurationIsVisible = 0;
			defaultConfigurationName = Release;
		};
		88B4D5DC2666A28700F0D6AC /* Build configuration list for PBXNativeTarget "kennyyakala" */ = {
			isa = XCConfigurationList;
			buildConfigurations = (
				88B4D5DD2666A28700F0D6AC /* Debug */,
				88B4D5DE2666A28700F0D6AC /* Release */,
			);
			defaultConfigurationIsVisible = 0;
			defaultConfigurationName = Release;
		};
/* End XCConfigurationList section */
	};
	rootObject = 88B4D5C02666A28500F0D6AC /* Project object */;
}
